// !$*UTF8*$!
{
	archiveVersion = 1;
	classes = {
	};
	objectVersion = 46;
	objects = {

/* Begin PBXBuildFile section */
		3F12B87A1D1128D700989BF7 /* AppDelegate.swift in Sources */ = {isa = PBXBuildFile; fileRef = 3F12B8791D1128D700989BF7 /* AppDelegate.swift */; };
		3F12B87F1D1128D700989BF7 /* Main.storyboard in Resources */ = {isa = PBXBuildFile; fileRef = 3F12B87D1D1128D700989BF7 /* Main.storyboard */; };
		3F12B8811D1128D700989BF7 /* Assets.xcassets in Resources */ = {isa = PBXBuildFile; fileRef = 3F12B8801D1128D700989BF7 /* Assets.xcassets */; };
		3F12B8841D1128D700989BF7 /* LaunchScreen.storyboard in Resources */ = {isa = PBXBuildFile; fileRef = 3F12B8821D1128D700989BF7 /* LaunchScreen.storyboard */; };
		3F12B8901D112ABF00989BF7 /* CityTableViewController.swift in Sources */ = {isa = PBXBuildFile; fileRef = 3F12B88F1D112ABF00989BF7 /* CityTableViewController.swift */; };
		3F12B8921D112B3400989BF7 /* ApartmentTableViewController.swift in Sources */ = {isa = PBXBuildFile; fileRef = 3F12B8911D112B3400989BF7 /* ApartmentTableViewController.swift */; };
		3F12B8941D112ECA00989BF7 /* CityTableViewCell.swift in Sources */ = {isa = PBXBuildFile; fileRef = 3F12B8931D112ECA00989BF7 /* CityTableViewCell.swift */; };
		3F12B8961D112EDA00989BF7 /* ApartmentTableViewCell.swift in Sources */ = {isa = PBXBuildFile; fileRef = 3F12B8951D112EDA00989BF7 /* ApartmentTableViewCell.swift */; };
		3FB8C67A1D1149BD0097B62F /* City.swift in Sources */ = {isa = PBXBuildFile; fileRef = 3FB8C6791D1149BD0097B62F /* City.swift */; };
		3FB8C67C1D1149F40097B62F /* Apartment.swift in Sources */ = {isa = PBXBuildFile; fileRef = 3FB8C67B1D1149F40097B62F /* Apartment.swift */; };
		462B2B84F0B573E3A660CAD5 /* Pods_auaBnB.framework in Frameworks */ = {isa = PBXBuildFile; fileRef = 48C614DB9445E7D90D26B8B9 /* Pods_auaBnB.framework */; };
/* End PBXBuildFile section */

/* Begin PBXFileReference section */
		3F12B8761D1128D700989BF7 /* auaBnB.app */ = {isa = PBXFileReference; explicitFileType = wrapper.application; includeInIndex = 0; path = auaBnB.app; sourceTree = BUILT_PRODUCTS_DIR; };
		3F12B8791D1128D700989BF7 /* AppDelegate.swift */ = {isa = PBXFileReference; lastKnownFileType = sourcecode.swift; path = AppDelegate.swift; sourceTree = "<group>"; };
		3F12B87E1D1128D700989BF7 /* Base */ = {isa = PBXFileReference; lastKnownFileType = file.storyboard; name = Base; path = Base.lproj/Main.storyboard; sourceTree = "<group>"; };
		3F12B8801D1128D700989BF7 /* Assets.xcassets */ = {isa = PBXFileReference; lastKnownFileType = folder.assetcatalog; path = Assets.xcassets; sourceTree = "<group>"; };
		3F12B8831D1128D700989BF7 /* Base */ = {isa = PBXFileReference; lastKnownFileType = file.storyboard; name = Base; path = Base.lproj/LaunchScreen.storyboard; sourceTree = "<group>"; };
		3F12B8851D1128D700989BF7 /* Info.plist */ = {isa = PBXFileReference; lastKnownFileType = text.plist.xml; path = Info.plist; sourceTree = "<group>"; };
		3F12B88F1D112ABF00989BF7 /* CityTableViewController.swift */ = {isa = PBXFileReference; fileEncoding = 4; lastKnownFileType = sourcecode.swift; path = CityTableViewController.swift; sourceTree = "<group>"; };
		3F12B8911D112B3400989BF7 /* ApartmentTableViewController.swift */ = {isa = PBXFileReference; fileEncoding = 4; lastKnownFileType = sourcecode.swift; path = ApartmentTableViewController.swift; sourceTree = "<group>"; };
		3F12B8931D112ECA00989BF7 /* CityTableViewCell.swift */ = {isa = PBXFileReference; fileEncoding = 4; lastKnownFileType = sourcecode.swift; path = CityTableViewCell.swift; sourceTree = "<group>"; };
		3F12B8951D112EDA00989BF7 /* ApartmentTableViewCell.swift */ = {isa = PBXFileReference; fileEncoding = 4; lastKnownFileType = sourcecode.swift; path = ApartmentTableViewCell.swift; sourceTree = "<group>"; };
		3FB8C6791D1149BD0097B62F /* City.swift */ = {isa = PBXFileReference; fileEncoding = 4; lastKnownFileType = sourcecode.swift; path = City.swift; sourceTree = "<group>"; };
		3FB8C67B1D1149F40097B62F /* Apartment.swift */ = {isa = PBXFileReference; fileEncoding = 4; lastKnownFileType = sourcecode.swift; path = Apartment.swift; sourceTree = "<group>"; };
		48C614DB9445E7D90D26B8B9 /* Pods_auaBnB.framework */ = {isa = PBXFileReference; explicitFileType = wrapper.framework; includeInIndex = 0; path = Pods_auaBnB.framework; sourceTree = BUILT_PRODUCTS_DIR; };
		52674F1F764FFA3B367B767D /* Pods-auaBnB.debug.xcconfig */ = {isa = PBXFileReference; includeInIndex = 1; lastKnownFileType = text.xcconfig; name = "Pods-auaBnB.debug.xcconfig"; path = "Pods/Target Support Files/Pods-auaBnB/Pods-auaBnB.debug.xcconfig"; sourceTree = "<group>"; };
		D3F1FC6DC51FD195A1D231CD /* Pods-auaBnB.release.xcconfig */ = {isa = PBXFileReference; includeInIndex = 1; lastKnownFileType = text.xcconfig; name = "Pods-auaBnB.release.xcconfig"; path = "Pods/Target Support Files/Pods-auaBnB/Pods-auaBnB.release.xcconfig"; sourceTree = "<group>"; };
/* End PBXFileReference section */

/* Begin PBXFrameworksBuildPhase section */
		3F12B8731D1128D700989BF7 /* Frameworks */ = {
			isa = PBXFrameworksBuildPhase;
			buildActionMask = 2147483647;
			files = (
				462B2B84F0B573E3A660CAD5 /* Pods_auaBnB.framework in Frameworks */,
			);
			runOnlyForDeploymentPostprocessing = 0;
		};
/* End PBXFrameworksBuildPhase section */

/* Begin PBXGroup section */
		3F12B86D1D1128D700989BF7 = {
			isa = PBXGroup;
			children = (
				3F12B8781D1128D700989BF7 /* auaBnB */,
				3F12B8771D1128D700989BF7 /* Products */,
				6FD66937E886DEC3467C62A2 /* Pods */,
				A952C0575256951E3723B8E2 /* Frameworks */,
			);
			sourceTree = "<group>";
		};
		3F12B8771D1128D700989BF7 /* Products */ = {
			isa = PBXGroup;
			children = (
				3F12B8761D1128D700989BF7 /* auaBnB.app */,
			);
			name = Products;
			sourceTree = "<group>";
		};
		3F12B8781D1128D700989BF7 /* auaBnB */ = {
			isa = PBXGroup;
			children = (
				3F12B88E1D112A7A00989BF7 /* ViewController */,
				3F12B88D1D112A7200989BF7 /* View */,
				3F12B88C1D112A6E00989BF7 /* Model */,
				3F12B88B1D112A5600989BF7 /* Supporting files */,
				3F12B87D1D1128D700989BF7 /* Main.storyboard */,
			);
			path = auaBnB;
			sourceTree = "<group>";
		};
		3F12B88B1D112A5600989BF7 /* Supporting files */ = {
			isa = PBXGroup;
			children = (
				3F12B8791D1128D700989BF7 /* AppDelegate.swift */,
				3F12B8801D1128D700989BF7 /* Assets.xcassets */,
				3F12B8821D1128D700989BF7 /* LaunchScreen.storyboard */,
				3F12B8851D1128D700989BF7 /* Info.plist */,
			);
			name = "Supporting files";
			sourceTree = "<group>";
		};
		3F12B88C1D112A6E00989BF7 /* Model */ = {
			isa = PBXGroup;
			children = (
				3FB8C6791D1149BD0097B62F /* City.swift */,
				3FB8C67B1D1149F40097B62F /* Apartment.swift */,
			);
			name = Model;
			sourceTree = "<group>";
		};
		3F12B88D1D112A7200989BF7 /* View */ = {
			isa = PBXGroup;
			children = (
				3F12B8931D112ECA00989BF7 /* CityTableViewCell.swift */,
				3F12B8951D112EDA00989BF7 /* ApartmentTableViewCell.swift */,
			);
			name = View;
			sourceTree = "<group>";
		};
		3F12B88E1D112A7A00989BF7 /* ViewController */ = {
			isa = PBXGroup;
			children = (
				3F12B88F1D112ABF00989BF7 /* CityTableViewController.swift */,
				3F12B8911D112B3400989BF7 /* ApartmentTableViewController.swift */,
			);
			name = ViewController;
			sourceTree = "<group>";
		};
		6FD66937E886DEC3467C62A2 /* Pods */ = {
			isa = PBXGroup;
			children = (
				52674F1F764FFA3B367B767D /* Pods-auaBnB.debug.xcconfig */,
				D3F1FC6DC51FD195A1D231CD /* Pods-auaBnB.release.xcconfig */,
			);
			name = Pods;
			sourceTree = "<group>";
		};
		A952C0575256951E3723B8E2 /* Frameworks */ = {
			isa = PBXGroup;
			children = (
				48C614DB9445E7D90D26B8B9 /* Pods_auaBnB.framework */,
			);
			name = Frameworks;
			sourceTree = "<group>";
		};
/* End PBXGroup section */

/* Begin PBXNativeTarget section */
		3F12B8751D1128D700989BF7 /* auaBnB */ = {
			isa = PBXNativeTarget;
			buildConfigurationList = 3F12B8881D1128D700989BF7 /* Build configuration list for PBXNativeTarget "auaBnB" */;
			buildPhases = (
				F65C4AE2A9F608715AD062E2 /* [CP] Check Pods Manifest.lock */,
				3F12B8721D1128D700989BF7 /* Sources */,
				3F12B8731D1128D700989BF7 /* Frameworks */,
				3F12B8741D1128D700989BF7 /* Resources */,
				6BB3526A279108E6D48177A2 /* [CP] Embed Pods Frameworks */,
				A534CEB5487D4630AC0EBFF3 /* [CP] Copy Pods Resources */,
			);
			buildRules = (
			);
			dependencies = (
			);
			name = auaBnB;
			productName = auaBnB;
			productReference = 3F12B8761D1128D700989BF7 /* auaBnB.app */;
			productType = "com.apple.product-type.application";
		};
/* End PBXNativeTarget section */

/* Begin PBXProject section */
		3F12B86E1D1128D700989BF7 /* Project object */ = {
			isa = PBXProject;
			attributes = {
				LastSwiftUpdateCheck = 0730;
				LastUpgradeCheck = 0730;
				ORGANIZATIONNAME = "Alibek Manabayev";
				TargetAttributes = {
					3F12B8751D1128D700989BF7 = {
						CreatedOnToolsVersion = 7.3.1;
						DevelopmentTeam = 22S99M8DR3;
					};
				};
			};
			buildConfigurationList = 3F12B8711D1128D700989BF7 /* Build configuration list for PBXProject "auaBnB" */;
			compatibilityVersion = "Xcode 3.2";
			developmentRegion = English;
			hasScannedForEncodings = 0;
			knownRegions = (
				en,
				Base,
			);
			mainGroup = 3F12B86D1D1128D700989BF7;
			productRefGroup = 3F12B8771D1128D700989BF7 /* Products */;
			projectDirPath = "";
			projectRoot = "";
			targets = (
				3F12B8751D1128D700989BF7 /* auaBnB */,
			);
		};
/* End PBXProject section */

/* Begin PBXResourcesBuildPhase section */
		3F12B8741D1128D700989BF7 /* Resources */ = {
			isa = PBXResourcesBuildPhase;
			buildActionMask = 2147483647;
			files = (
				3F12B8841D1128D700989BF7 /* LaunchScreen.storyboard in Resources */,
				3F12B8811D1128D700989BF7 /* Assets.xcassets in Resources */,
				3F12B87F1D1128D700989BF7 /* Main.storyboard in Resources */,
			);
			runOnlyForDeploymentPostprocessing = 0;
		};
/* End PBXResourcesBuildPhase section */

/* Begin PBXShellScriptBuildPhase section */
		6BB3526A279108E6D48177A2 /* [CP] Embed Pods Frameworks */ = {
			isa = PBXShellScriptBuildPhase;
			buildActionMask = 2147483647;
			files = (
			);
			inputPaths = (
			);
			name = "[CP] Embed Pods Frameworks";
			outputPaths = (
			);
			runOnlyForDeploymentPostprocessing = 0;
			shellPath = /bin/sh;
			shellScript = "\"${SRCROOT}/Pods/Target Support Files/Pods-auaBnB/Pods-auaBnB-frameworks.sh\"\n";
			showEnvVarsInLog = 0;
		};
		A534CEB5487D4630AC0EBFF3 /* [CP] Copy Pods Resources */ = {
			isa = PBXShellScriptBuildPhase;
			buildActionMask = 2147483647;
			files = (
			);
			inputPaths = (
			);
			name = "[CP] Copy Pods Resources";
			outputPaths = (
			);
			runOnlyForDeploymentPostprocessing = 0;
			shellPath = /bin/sh;
			shellScript = "\"${SRCROOT}/Pods/Target Support Files/Pods-auaBnB/Pods-auaBnB-resources.sh\"\n";
			showEnvVarsInLog = 0;
		};
		F65C4AE2A9F608715AD062E2 /* [CP] Check Pods Manifest.lock */ = {
			isa = PBXShellScriptBuildPhase;
			buildActionMask = 2147483647;
			files = (
			);
			inputPaths = (
			);
			name = "[CP] Check Pods Manifest.lock";
			outputPaths = (
			);
			runOnlyForDeploymentPostprocessing = 0;
			shellPath = /bin/sh;
			shellScript = "diff \"${PODS_ROOT}/../Podfile.lock\" \"${PODS_ROOT}/Manifest.lock\" > /dev/null\nif [[ $? != 0 ]] ; then\n    cat << EOM\nerror: The sandbox is not in sync with the Podfile.lock. Run 'pod install' or update your CocoaPods installation.\nEOM\n    exit 1\nfi\n";
			showEnvVarsInLog = 0;
		};
/* End PBXShellScriptBuildPhase section */

/* Begin PBXSourcesBuildPhase section */
		3F12B8721D1128D700989BF7 /* Sources */ = {
			isa = PBXSourcesBuildPhase;
			buildActionMask = 2147483647;
			files = (
				3F12B8921D112B3400989BF7 /* ApartmentTableViewController.swift in Sources */,
				3F12B8901D112ABF00989BF7 /* CityTableViewController.swift in Sources */,
				3FB8C67A1D1149BD0097B62F /* City.swift in Sources */,
				3FB8C67C1D1149F40097B62F /* Apartment.swift in Sources */,
				3F12B8941D112ECA00989BF7 /* CityTableViewCell.swift in Sources */,
				3F12B8961D112EDA00989BF7 /* ApartmentTableViewCell.swift in Sources */,
				3F12B87A1D1128D700989BF7 /* AppDelegate.swift in Sources */,
			);
			runOnlyForDeploymentPostprocessing = 0;
		};
/* End PBXSourcesBuildPhase section */

/* Begin PBXVariantGroup section */
		3F12B87D1D1128D700989BF7 /* Main.storyboard */ = {
			isa = PBXVariantGroup;
			children = (
				3F12B87E1D1128D700989BF7 /* Base */,
			);
			name = Main.storyboard;
			sourceTree = "<group>";
		};
		3F12B8821D1128D700989BF7 /* LaunchScreen.storyboard */ = {
			isa = PBXVariantGroup;
			children = (
				3F12B8831D1128D700989BF7 /* Base */,
			);
			name = LaunchScreen.storyboard;
			sourceTree = "<group>";
		};
/* End PBXVariantGroup section */

/* Begin XCBuildConfiguration section */
		3F12B8861D1128D700989BF7 /* Debug */ = {
			isa = XCBuildConfiguration;
			buildSettings = {
				ALWAYS_SEARCH_USER_PATHS = NO;
				CLANG_ANALYZER_NONNULL = YES;
				CLANG_CXX_LANGUAGE_STANDARD = "gnu++0x";
				CLANG_CXX_LIBRARY = "libc++";
				CLANG_ENABLE_MODULES = YES;
				CLANG_ENABLE_OBJC_ARC = YES;
				CLANG_WARN_BOOL_CONVERSION = YES;
				CLANG_WARN_CONSTANT_CONVERSION = YES;
				CLANG_WARN_DIRECT_OBJC_ISA_USAGE = YES_ERROR;
				CLANG_WARN_EMPTY_BODY = YES;
				CLANG_WARN_ENUM_CONVERSION = YES;
				CLANG_WARN_INT_CONVERSION = YES;
				CLANG_WARN_OBJC_ROOT_CLASS = YES_ERROR;
				CLANG_WARN_UNREACHABLE_CODE = YES;
				CLANG_WARN__DUPLICATE_METHOD_MATCH = YES;
				"CODE_SIGN_IDENTITY[sdk=iphoneos*]" = "iPhone Developer";
				COPY_PHASE_STRIP = NO;
				DEBUG_INFORMATION_FORMAT = dwarf;
				ENABLE_STRICT_OBJC_MSGSEND = YES;
				ENABLE_TESTABILITY = YES;
				GCC_C_LANGUAGE_STANDARD = gnu99;
				GCC_DYNAMIC_NO_PIC = NO;
				GCC_NO_COMMON_BLOCKS = YES;
				GCC_OPTIMIZATION_LEVEL = 0;
				GCC_PREPROCESSOR_DEFINITIONS = (
					"DEBUG=1",
					"$(inherited)",
				);
				GCC_WARN_64_TO_32_BIT_CONVERSION = YES;
				GCC_WARN_ABOUT_RETURN_TYPE = YES_ERROR;
				GCC_WARN_UNDECLARED_SELECTOR = YES;
				GCC_WARN_UNINITIALIZED_AUTOS = YES_AGGRESSIVE;
				GCC_WARN_UNUSED_FUNCTION = YES;
				GCC_WARN_UNUSED_VARIABLE = YES;
				IPHONEOS_DEPLOYMENT_TARGET = 9.3;
				MTL_ENABLE_DEBUG_INFO = YES;
				ONLY_ACTIVE_ARCH = YES;
				SDKROOT = iphoneos;
				SWIFT_OPTIMIZATION_LEVEL = "-Onone";
				TARGETED_DEVICE_FAMILY = "1,2";
			};
			name = Debug;
		};
		3F12B8871D1128D700989BF7 /* Release */ = {
			isa = XCBuildConfiguration;
			buildSettings = {
				ALWAYS_SEARCH_USER_PATHS = NO;
				CLANG_ANALYZER_NONNULL = YES;
				CLANG_CXX_LANGUAGE_STANDARD = "gnu++0x";
				CLANG_CXX_LIBRARY = "libc++";
				CLANG_ENABLE_MODULES = YES;
				CLANG_ENABLE_OBJC_ARC = YES;
				CLANG_WARN_BOOL_CONVERSION = YES;
				CLANG_WARN_CONSTANT_CONVERSION = YES;
				CLANG_WARN_DIRECT_OBJC_ISA_USAGE = YES_ERROR;
				CLANG_WARN_EMPTY_BODY = YES;
				CLANG_WARN_ENUM_CONVERSION = YES;
				CLANG_WARN_INT_CONVERSION = YES;
				CLANG_WARN_OBJC_ROOT_CLASS = YES_ERROR;
				CLANG_WARN_UNREACHABLE_CODE = YES;
				CLANG_WARN__DUPLICATE_METHOD_MATCH = YES;
				"CODE_SIGN_IDENTITY[sdk=iphoneos*]" = "iPhone Developer";
				COPY_PHASE_STRIP = NO;
				DEBUG_INFORMATION_FORMAT = "dwarf-with-dsym";
				ENABLE_NS_ASSERTIONS = NO;
				ENABLE_STRICT_OBJC_MSGSEND = YES;
				GCC_C_LANGUAGE_STANDARD = gnu99;
				GCC_NO_COMMON_BLOCKS = YES;
				GCC_WARN_64_TO_32_BIT_CONVERSION = YES;
				GCC_WARN_ABOUT_RETURN_TYPE = YES_ERROR;
				GCC_WARN_UNDECLARED_SELECTOR = YES;
				GCC_WARN_UNINITIALIZED_AUTOS = YES_AGGRESSIVE;
				GCC_WARN_UNUSED_FUNCTION = YES;
				GCC_WARN_UNUSED_VARIABLE = YES;
				IPHONEOS_DEPLOYMENT_TARGET = 9.3;
				MTL_ENABLE_DEBUG_INFO = NO;
				SDKROOT = iphoneos;
				TARGETED_DEVICE_FAMILY = "1,2";
				VALIDATE_PRODUCT = YES;
			};
			name = Release;
		};
		3F12B8891D1128D700989BF7 /* Debug */ = {
			isa = XCBuildConfiguration;
			baseConfigurationReference = 52674F1F764FFA3B367B767D /* Pods-auaBnB.debug.xcconfig */;
			buildSettings = {
				ASSETCATALOG_COMPILER_APPICON_NAME = AppIcon;
				CODE_SIGN_IDENTITY = "iPhone Developer";
				INFOPLIST_FILE = auaBnB/Info.plist;
				IPHONEOS_DEPLOYMENT_TARGET = 8.2;
				LD_RUNPATH_SEARCH_PATHS = "$(inherited) @executable_path/Frameworks";
				PRODUCT_BUNDLE_IDENTIFIER = kz.manny.auaBnB;
				PRODUCT_NAME = "$(TARGET_NAME)";
			};
			name = Debug;
		};
		3F12B88A1D1128D700989BF7 /* Release */ = {
			isa = XCBuildConfiguration;
			baseConfigurationReference = D3F1FC6DC51FD195A1D231CD /* Pods-auaBnB.release.xcconfig */;
			buildSettings = {
				ASSETCATALOG_COMPILER_APPICON_NAME = AppIcon;
				CODE_SIGN_IDENTITY = "iPhone Developer";
				INFOPLIST_FILE = auaBnB/Info.plist;
				IPHONEOS_DEPLOYMENT_TARGET = 8.2;
				LD_RUNPATH_SEARCH_PATHS = "$(inherited) @executable_path/Frameworks";
				PRODUCT_BUNDLE_IDENTIFIER = kz.manny.auaBnB;
				PRODUCT_NAME = "$(TARGET_NAME)";
			};
			name = Release;
		};
/* End XCBuildConfiguration section */

/* Begin XCConfigurationList section */
		3F12B8711D1128D700989BF7 /* Build configuration list for PBXProject "auaBnB" */ = {
			isa = XCConfigurationList;
			buildConfigurations = (
				3F12B8861D1128D700989BF7 /* Debug */,
				3F12B8871D1128D700989BF7 /* Release */,
			);
			defaultConfigurationIsVisible = 0;
			defaultConfigurationName = Release;
		};
		3F12B8881D1128D700989BF7 /* Build configuration list for PBXNativeTarget "auaBnB" */ = {
			isa = XCConfigurationList;
			buildConfigurations = (
				3F12B8891D1128D700989BF7 /* Debug */,
				3F12B88A1D1128D700989BF7 /* Release */,
			);
			defaultConfigurationIsVisible = 0;
			defaultConfigurationName = Release;
		};
/* End XCConfigurationList section */
	};
	rootObject = 3F12B86E1D1128D700989BF7 /* Project object */;
}
