PODS:
  - Backendless (3.0.27)
  - KFSwiftImageLoader (2.0.1)
  - SwiftyJSON (2.3.2)

DEPENDENCIES:
  - Backendless
  - KFSwiftImageLoader (~> 2.0)
  - SwiftyJSON

SPEC CHECKSUMS:
  Backendless: 565a82d9aa6ec01257e904e0a5c0146ffdb503ed
  KFSwiftImageLoader: a2b8a33a89116c767e7af8d2c109e8c483037b19
  SwiftyJSON: 04ccea08915aa0109039157c7974cf0298da292a

PODFILE CHECKSUM: ce55d3525706aeb3a59d7e850d97a5a91184e858

COCOAPODS: 1.0.1
