// !$*UTF8*$!
{
	archiveVersion = 1;
	classes = {
	};
	objectVersion = 46;
	objects = {

/* Begin PBXBuildFile section */
		3F0DA6B11D08508900197B02 /* StartingViewController.swift in Sources */ = {isa = PBXBuildFile; fileRef = 3F0DA6B01D08508900197B02 /* StartingViewController.swift */; };
		3F0DA6B31D0853FC00197B02 /* OneLifeVC.swift in Sources */ = {isa = PBXBuildFile; fileRef = 3F0DA6B21D0853FC00197B02 /* OneLifeVC.swift */; };
		3F99DE671D081AD800F372D9 /* AppDelegate.swift in Sources */ = {isa = PBXBuildFile; fileRef = 3F99DE661D081AD800F372D9 /* AppDelegate.swift */; };
		3F99DE691D081AD800F372D9 /* ViewController.swift in Sources */ = {isa = PBXBuildFile; fileRef = 3F99DE681D081AD800F372D9 /* ViewController.swift */; };
		3F99DE6C1D081AD800F372D9 /* Main.storyboard in Resources */ = {isa = PBXBuildFile; fileRef = 3F99DE6A1D081AD800F372D9 /* Main.storyboard */; };
		3F99DE6E1D081AD800F372D9 /* Assets.xcassets in Resources */ = {isa = PBXBuildFile; fileRef = 3F99DE6D1D081AD800F372D9 /* Assets.xcassets */; };
		3F99DE711D081AD800F372D9 /* LaunchScreen.storyboard in Resources */ = {isa = PBXBuildFile; fileRef = 3F99DE6F1D081AD800F372D9 /* LaunchScreen.storyboard */; };
		3F99DE7C1D08207F00F372D9 /* mathViewController.swift in Sources */ = {isa = PBXBuildFile; fileRef = 3F99DE7B1D08207F00F372D9 /* mathViewController.swift */; };
/* End PBXBuildFile section */

/* Begin PBXFileReference section */
		3F0DA6B01D08508900197B02 /* StartingViewController.swift */ = {isa = PBXFileReference; fileEncoding = 4; lastKnownFileType = sourcecode.swift; path = StartingViewController.swift; sourceTree = "<group>"; };
		3F0DA6B21D0853FC00197B02 /* OneLifeVC.swift */ = {isa = PBXFileReference; fileEncoding = 4; lastKnownFileType = sourcecode.swift; path = OneLifeVC.swift; sourceTree = "<group>"; };
		3F99DE631D081AD800F372D9 /* Crazy Math.app */ = {isa = PBXFileReference; explicitFileType = wrapper.application; includeInIndex = 0; path = "Crazy Math.app"; sourceTree = BUILT_PRODUCTS_DIR; };
		3F99DE661D081AD800F372D9 /* AppDelegate.swift */ = {isa = PBXFileReference; lastKnownFileType = sourcecode.swift; path = AppDelegate.swift; sourceTree = "<group>"; };
		3F99DE681D081AD800F372D9 /* ViewController.swift */ = {isa = PBXFileReference; lastKnownFileType = sourcecode.swift; path = ViewController.swift; sourceTree = "<group>"; };
		3F99DE6B1D081AD800F372D9 /* Base */ = {isa = PBXFileReference; lastKnownFileType = file.storyboard; name = Base; path = Base.lproj/Main.storyboard; sourceTree = "<group>"; };
		3F99DE6D1D081AD800F372D9 /* Assets.xcassets */ = {isa = PBXFileReference; lastKnownFileType = folder.assetcatalog; path = Assets.xcassets; sourceTree = "<group>"; };
		3F99DE701D081AD800F372D9 /* Base */ = {isa = PBXFileReference; lastKnownFileType = file.storyboard; name = Base; path = Base.lproj/LaunchScreen.storyboard; sourceTree = "<group>"; };
		3F99DE721D081AD800F372D9 /* Info.plist */ = {isa = PBXFileReference; lastKnownFileType = text.plist.xml; path = Info.plist; sourceTree = "<group>"; };
		3F99DE7B1D08207F00F372D9 /* mathViewController.swift */ = {isa = PBXFileReference; fileEncoding = 4; lastKnownFileType = sourcecode.swift; path = mathViewController.swift; sourceTree = "<group>"; };
/* End PBXFileReference section */

/* Begin PBXFrameworksBuildPhase section */
		3F99DE601D081AD700F372D9 /* Frameworks */ = {
			isa = PBXFrameworksBuildPhase;
			buildActionMask = 2147483647;
			files = (
			);
			runOnlyForDeploymentPostprocessing = 0;
		};
/* End PBXFrameworksBuildPhase section */

/* Begin PBXGroup section */
		3F99DE5A1D081AD700F372D9 = {
			isa = PBXGroup;
			children = (
				3F99DE651D081AD800F372D9 /* Crazy Math */,
				3F99DE641D081AD800F372D9 /* Products */,
			);
			sourceTree = "<group>";
		};
		3F99DE641D081AD800F372D9 /* Products */ = {
			isa = PBXGroup;
			children = (
				3F99DE631D081AD800F372D9 /* Crazy Math.app */,
			);
			name = Products;
			sourceTree = "<group>";
		};
		3F99DE651D081AD800F372D9 /* Crazy Math */ = {
			isa = PBXGroup;
			children = (
				3F99DE781D081AF100F372D9 /* others */,
				3F99DE681D081AD800F372D9 /* ViewController.swift */,
				3F99DE6A1D081AD800F372D9 /* Main.storyboard */,
				3F99DE7B1D08207F00F372D9 /* mathViewController.swift */,
				3F0DA6B01D08508900197B02 /* StartingViewController.swift */,
				3F0DA6B21D0853FC00197B02 /* OneLifeVC.swift */,
			);
			path = "Crazy Math";
			sourceTree = "<group>";
		};
		3F99DE781D081AF100F372D9 /* others */ = {
			isa = PBXGroup;
			children = (
				3F99DE661D081AD800F372D9 /* AppDelegate.swift */,
				3F99DE6D1D081AD800F372D9 /* Assets.xcassets */,
				3F99DE6F1D081AD800F372D9 /* LaunchScreen.storyboard */,
				3F99DE721D081AD800F372D9 /* Info.plist */,
			);
			name = others;
			sourceTree = "<group>";
		};
/* End PBXGroup section */

/* Begin PBXNativeTarget section */
		3F99DE621D081AD700F372D9 /* Crazy Math */ = {
			isa = PBXNativeTarget;
			buildConfigurationList = 3F99DE751D081AD800F372D9 /* Build configuration list for PBXNativeTarget "Crazy Math" */;
			buildPhases = (
				3F99DE5F1D081AD700F372D9 /* Sources */,
				3F99DE601D081AD700F372D9 /* Frameworks */,
				3F99DE611D081AD700F372D9 /* Resources */,
			);
			buildRules = (
			);
			dependencies = (
			);
			name = "Crazy Math";
			productName = "Crazy Math";
			productReference = 3F99DE631D081AD800F372D9 /* Crazy Math.app */;
			productType = "com.apple.product-type.application";
		};
/* End PBXNativeTarget section */

/* Begin PBXProject section */
		3F99DE5B1D081AD700F372D9 /* Project object */ = {
			isa = PBXProject;
			attributes = {
				LastSwiftUpdateCheck = 0730;
				LastUpgradeCheck = 0730;
				ORGANIZATIONNAME = "Alibek Manabayev";
				TargetAttributes = {
					3F99DE621D081AD700F372D9 = {
						CreatedOnToolsVersion = 7.3.1;
						DevelopmentTeam = 22S99M8DR3;
					};
				};
			};
			buildConfigurationList = 3F99DE5E1D081AD700F372D9 /* Build configuration list for PBXProject "Crazy Math" */;
			compatibilityVersion = "Xcode 3.2";
			developmentRegion = English;
			hasScannedForEncodings = 0;
			knownRegions = (
				en,
				Base,
			);
			mainGroup = 3F99DE5A1D081AD700F372D9;
			productRefGroup = 3F99DE641D081AD800F372D9 /* Products */;
			projectDirPath = "";
			projectRoot = "";
			targets = (
				3F99DE621D081AD700F372D9 /* Crazy Math */,
			);
		};
/* End PBXProject section */

/* Begin PBXResourcesBuildPhase section */
		3F99DE611D081AD700F372D9 /* Resources */ = {
			isa = PBXResourcesBuildPhase;
			buildActionMask = 2147483647;
			files = (
				3F99DE711D081AD800F372D9 /* LaunchScreen.storyboard in Resources */,
				3F99DE6E1D081AD800F372D9 /* Assets.xcassets in Resources */,
				3F99DE6C1D081AD800F372D9 /* Main.storyboard in Resources */,
			);
			runOnlyForDeploymentPostprocessing = 0;
		};
/* End PBXResourcesBuildPhase section */

/* Begin PBXSourcesBuildPhase section */
		3F99DE5F1D081AD700F372D9 /* Sources */ = {
			isa = PBXSourcesBuildPhase;
			buildActionMask = 2147483647;
			files = (
				3F99DE7C1D08207F00F372D9 /* mathViewController.swift in Sources */,
				3F99DE691D081AD800F372D9 /* ViewController.swift in Sources */,
				3F0DA6B11D08508900197B02 /* StartingViewController.swift in Sources */,
				3F99DE671D081AD800F372D9 /* AppDelegate.swift in Sources */,
				3F0DA6B31D0853FC00197B02 /* OneLifeVC.swift in Sources */,
			);
			runOnlyForDeploymentPostprocessing = 0;
		};
/* End PBXSourcesBuildPhase section */

/* Begin PBXVariantGroup section */
		3F99DE6A1D081AD800F372D9 /* Main.storyboard */ = {
			isa = PBXVariantGroup;
			children = (
				3F99DE6B1D081AD800F372D9 /* Base */,
			);
			name = Main.storyboard;
			sourceTree = "<group>";
		};
		3F99DE6F1D081AD800F372D9 /* LaunchScreen.storyboard */ = {
			isa = PBXVariantGroup;
			children = (
				3F99DE701D081AD800F372D9 /* Base */,
			);
			name = LaunchScreen.storyboard;
			sourceTree = "<group>";
		};
/* End PBXVariantGroup section */

/* Begin XCBuildConfiguration section */
		3F99DE731D081AD800F372D9 /* Debug */ = {
			isa = XCBuildConfiguration;
			buildSettings = {
				ALWAYS_SEARCH_USER_PATHS = NO;
				CLANG_ANALYZER_NONNULL = YES;
				CLANG_CXX_LANGUAGE_STANDARD = "gnu++0x";
				CLANG_CXX_LIBRARY = "libc++";
				CLANG_ENABLE_MODULES = YES;
				CLANG_ENABLE_OBJC_ARC = YES;
				CLANG_WARN_BOOL_CONVERSION = YES;
				CLANG_WARN_CONSTANT_CONVERSION = YES;
				CLANG_WARN_DIRECT_OBJC_ISA_USAGE = YES_ERROR;
				CLANG_WARN_EMPTY_BODY = YES;
				CLANG_WARN_ENUM_CONVERSION = YES;
				CLANG_WARN_INT_CONVERSION = YES;
				CLANG_WARN_OBJC_ROOT_CLASS = YES_ERROR;
				CLANG_WARN_UNREACHABLE_CODE = YES;
				CLANG_WARN__DUPLICATE_METHOD_MATCH = YES;
				"CODE_SIGN_IDENTITY[sdk=iphoneos*]" = "iPhone Developer";
				COPY_PHASE_STRIP = NO;
				DEBUG_INFORMATION_FORMAT = dwarf;
				ENABLE_STRICT_OBJC_MSGSEND = YES;
				ENABLE_TESTABILITY = YES;
				GCC_C_LANGUAGE_STANDARD = gnu99;
				GCC_DYNAMIC_NO_PIC = NO;
				GCC_NO_COMMON_BLOCKS = YES;
				GCC_OPTIMIZATION_LEVEL = 0;
				GCC_PREPROCESSOR_DEFINITIONS = (
					"DEBUG=1",
					"$(inherited)",
				);
				GCC_WARN_64_TO_32_BIT_CONVERSION = YES;
				GCC_WARN_ABOUT_RETURN_TYPE = YES_ERROR;
				GCC_WARN_UNDECLARED_SELECTOR = YES;
				GCC_WARN_UNINITIALIZED_AUTOS = YES_AGGRESSIVE;
				GCC_WARN_UNUSED_FUNCTION = YES;
				GCC_WARN_UNUSED_VARIABLE = YES;
				IPHONEOS_DEPLOYMENT_TARGET = 9.3;
				MTL_ENABLE_DEBUG_INFO = YES;
				ONLY_ACTIVE_ARCH = YES;
				SDKROOT = iphoneos;
				SWIFT_OPTIMIZATION_LEVEL = "-Onone";
				TARGETED_DEVICE_FAMILY = "1,2";
			};
			name = Debug;
		};
		3F99DE741D081AD800F372D9 /* Release */ = {
			isa = XCBuildConfiguration;
			buildSettings = {
				ALWAYS_SEARCH_USER_PATHS = NO;
				CLANG_ANALYZER_NONNULL = YES;
				CLANG_CXX_LANGUAGE_STANDARD = "gnu++0x";
				CLANG_CXX_LIBRARY = "libc++";
				CLANG_ENABLE_MODULES = YES;
				CLANG_ENABLE_OBJC_ARC = YES;
				CLANG_WARN_BOOL_CONVERSION = YES;
				CLANG_WARN_CONSTANT_CONVERSION = YES;
				CLANG_WARN_DIRECT_OBJC_ISA_USAGE = YES_ERROR;
				CLANG_WARN_EMPTY_BODY = YES;
				CLANG_WARN_ENUM_CONVERSION = YES;
				CLANG_WARN_INT_CONVERSION = YES;
				CLANG_WARN_OBJC_ROOT_CLASS = YES_ERROR;
				CLANG_WARN_UNREACHABLE_CODE = YES;
				CLANG_WARN__DUPLICATE_METHOD_MATCH = YES;
				"CODE_SIGN_IDENTITY[sdk=iphoneos*]" = "iPhone Developer";
				COPY_PHASE_STRIP = NO;
				DEBUG_INFORMATION_FORMAT = "dwarf-with-dsym";
				ENABLE_NS_ASSERTIONS = NO;
				ENABLE_STRICT_OBJC_MSGSEND = YES;
				GCC_C_LANGUAGE_STANDARD = gnu99;
				GCC_NO_COMMON_BLOCKS = YES;
				GCC_WARN_64_TO_32_BIT_CONVERSION = YES;
				GCC_WARN_ABOUT_RETURN_TYPE = YES_ERROR;
				GCC_WARN_UNDECLARED_SELECTOR = YES;
				GCC_WARN_UNINITIALIZED_AUTOS = YES_AGGRESSIVE;
				GCC_WARN_UNUSED_FUNCTION = YES;
				GCC_WARN_UNUSED_VARIABLE = YES;
				IPHONEOS_DEPLOYMENT_TARGET = 9.3;
				MTL_ENABLE_DEBUG_INFO = NO;
				SDKROOT = iphoneos;
				TARGETED_DEVICE_FAMILY = "1,2";
				VALIDATE_PRODUCT = YES;
			};
			name = Release;
		};
		3F99DE761D081AD800F372D9 /* Debug */ = {
			isa = XCBuildConfiguration;
			buildSettings = {
				ASSETCATALOG_COMPILER_APPICON_NAME = AppIcon;
				CODE_SIGN_IDENTITY = "iPhone Developer";
				"CODE_SIGN_IDENTITY[sdk=iphoneos*]" = "iPhone Developer";
				INFOPLIST_FILE = "Crazy Math/Info.plist";
				IPHONEOS_DEPLOYMENT_TARGET = 8.2;
				LD_RUNPATH_SEARCH_PATHS = "$(inherited) @executable_path/Frameworks";
				PRODUCT_BUNDLE_IDENTIFIER = "manny.Crazy-Math";
				PRODUCT_NAME = "$(TARGET_NAME)";
				PROVISIONING_PROFILE = "";
			};
			name = Debug;
		};
		3F99DE771D081AD800F372D9 /* Release */ = {
			isa = XCBuildConfiguration;
			buildSettings = {
				ASSETCATALOG_COMPILER_APPICON_NAME = AppIcon;
				CODE_SIGN_IDENTITY = "iPhone Developer";
				"CODE_SIGN_IDENTITY[sdk=iphoneos*]" = "iPhone Developer";
				INFOPLIST_FILE = "Crazy Math/Info.plist";
				IPHONEOS_DEPLOYMENT_TARGET = 8.2;
				LD_RUNPATH_SEARCH_PATHS = "$(inherited) @executable_path/Frameworks";
				PRODUCT_BUNDLE_IDENTIFIER = "manny.Crazy-Math";
				PRODUCT_NAME = "$(TARGET_NAME)";
				PROVISIONING_PROFILE = "";
			};
			name = Release;
		};
/* End XCBuildConfiguration section */

/* Begin XCConfigurationList section */
		3F99DE5E1D081AD700F372D9 /* Build configuration list for PBXProject "Crazy Math" */ = {
			isa = XCConfigurationList;
			buildConfigurations = (
				3F99DE731D081AD800F372D9 /* Debug */,
				3F99DE741D081AD800F372D9 /* Release */,
			);
			defaultConfigurationIsVisible = 0;
			defaultConfigurationName = Release;
		};
		3F99DE751D081AD800F372D9 /* Build configuration list for PBXNativeTarget "Crazy Math" */ = {
			isa = XCConfigurationList;
			buildConfigurations = (
				3F99DE761D081AD800F372D9 /* Debug */,
				3F99DE771D081AD800F372D9 /* Release */,
			);
			defaultConfigurationIsVisible = 0;
			defaultConfigurationName = Release;
		};
/* End XCConfigurationList section */
	};
	rootObject = 3F99DE5B1D081AD700F372D9 /* Project object */;
}
